
Microsoft Visual Studio Solution File, Format Version 12.00
# Visual Studio Version 16
VisualStudioVersion = 16.0.30330.147
MinimumVisualStudioVersion = 10.0.40219.1
Project("{FAE04EC0-301F-11D3-BF4B-00C04F79EFBC}") = "Arrays", "Arrays\Arrays.csproj", "{CE75336A-7A4A-459D-AC21-35683F0BE107}"
EndProject
Global
	GlobalSection(SolutionConfigurationPlatforms) = preSolution
		Debug|Any CPU = Debug|Any CPU
		Release|Any CPU = Release|Any CPU
	EndGlobalSection
	GlobalSection(ProjectConfigurationPlatforms) = postSolution
		{CE75336A-7A4A-459D-AC21-35683F0BE107}.Debug|Any CPU.ActiveCfg = Debug|Any CPU
		{CE75336A-7A4A-459D-AC21-35683F0BE107}.Debug|Any CPU.Build.0 = Debug|Any CPU
		{CE75336A-7A4A-459D-AC21-35683F0BE107}.Release|Any CPU.ActiveCfg = Release|Any CPU
		{CE75336A-7A4A-459D-AC21-35683F0BE107}.Release|Any CPU.Build.0 = Release|Any CPU
	EndGlobalSection
	GlobalSection(SolutionProperties) = preSolution
		HideSolutionNode = FALSE
	EndGlobalSection
	GlobalSection(ExtensibilityGlobals) = postSolution
		SolutionGuid = {D2075CFA-4232-4D1B-90F7-1ECB8DBB31C9}
	EndGlobalSection
EndGlobal
